<?xml version="1.0" encoding="utf-8"?>
<Project ToolsVersion="4.0" xmlns="http://schemas.microsoft.com/developer/msbuild/2003">
  <ItemGroup>
    <Filter Include="common">
      <UniqueIdentifier>{48b45f28-ae97-4d3a-90b6-3985662b693d}</UniqueIdentifier>
    </Filter>
    <Filter Include="FrameworkLoader">
      <UniqueIdentifier>{6e668f14-23aa-4525-ab8c-7f226c5fa4d1}</UniqueIdentifier>
    </Filter>
  </ItemGroup>
  <ItemGroup>
    <ClInclude Include="FrameworkLoader.h">
      <Filter>FrameworkLoader</Filter>
    </ClInclude>
  </ItemGroup>
  <ItemGroup>
    <ClCompile Include="main.cpp" />
    <ClCompile Include="FrameworkLoader.cpp">
      <Filter>FrameworkLoader</Filter>
    </ClCompile>
  </ItemGroup>
</Project>