<?xml version="1.0" encoding="utf-8"?>
<Project ToolsVersion="4.0" xmlns="http://schemas.microsoft.com/developer/msbuild/2003">
  <ItemGroup>
    <ClCompile Include="BaseFramework.cpp">
      <Filter>Tools</Filter>
    </ClCompile>
    <ClCompile Include="Logger.cpp">
      <Filter>Tools</Filter>
    </ClCompile>
    <ClCompile Include="Config.cpp">
      <Filter>Tools\Config</Filter>
    </ClCompile>
    <ClCompile Include="Exception.cpp">
      <Filter>Tools</Filter>
    </ClCompile>
    <ClCompile Include="Window.cpp">
      <Filter>Window</Filter>
    </ClCompile>
    <ClCompile Include="ApplicationCommonBase.cpp">
      <Filter>Application</Filter>
    </ClCompile>
    <ClCompile Include="DLL.cpp">
      <Filter>DLL</Filter>
    </ClCompile>
    <ClCompile Include="InputSystem.cpp">
      <Filter>Window</Filter>
    </ClCompile>
    <ClCompile Include="Shader.cpp">
      <Filter>Graphics</Filter>
    </ClCompile>
    <ClCompile Include="FrameworkLoader.cpp">
      <Filter>Tools</Filter>
    </ClCompile>
    <ClCompile Include="ShaderPipeline.cpp">
      <Filter>Graphics</Filter>
    </ClCompile>
    <ClCompile Include="Model.cpp">
      <Filter>Graphics</Filter>
    </ClCompile>
    <ClCompile Include="Object.cpp" />
    <ClCompile Include="Vector.cpp">
      <Filter>Graphics</Filter>
    </ClCompile>
    <ClCompile Include="Drawable3D.cpp">
      <Filter>Graphics</Filter>
    </ClCompile>
    <ClCompile Include="Model_Parser.cpp">
      <Filter>Graphics</Filter>
    </ClCompile>
    <ClCompile Include="Face.cpp">
      <Filter>Graphics</Filter>
    </ClCompile>
    <ClCompile Include="Material.cpp">
      <Filter>Graphics</Filter>
    </ClCompile>
    <ClCompile Include="Mesh.cpp">
      <Filter>Graphics</Filter>
    </ClCompile>
    <ClCompile Include="Vertex.cpp">
      <Filter>Math</Filter>
    </ClCompile>
    <ClCompile Include="Camera.cpp">
      <Filter>Graphics</Filter>
    </ClCompile>
  </ItemGroup>
  <ItemGroup>
    <Filter Include="Tools">
      <UniqueIdentifier>{d3514bfa-f985-40f5-bc02-7ed408b7da69}</UniqueIdentifier>
    </Filter>
    <Filter Include="Window">
      <UniqueIdentifier>{16332fda-39f0-47e9-a6fd-05c92c650b3f}</UniqueIdentifier>
    </Filter>
    <Filter Include="Tools\Config">
      <UniqueIdentifier>{f45d554b-2f4d-4cf3-bb6d-7b906fbd3653}</UniqueIdentifier>
    </Filter>
    <Filter Include="Application">
      <UniqueIdentifier>{ceb1220c-adbb-45b8-997a-e0dcf84d8cd1}</UniqueIdentifier>
    </Filter>
    <Filter Include="DLL">
      <UniqueIdentifier>{f6e91598-6386-4c50-be16-8ec081b6e339}</UniqueIdentifier>
    </Filter>
    <Filter Include="Graphics">
      <UniqueIdentifier>{42a58650-47fd-4097-8f60-ffedcd0bdd59}</UniqueIdentifier>
    </Filter>
    <Filter Include="Math">
      <UniqueIdentifier>{b5b91225-dedc-4e70-b2b7-2b2dd245b15f}</UniqueIdentifier>
    </Filter>
  </ItemGroup>
  <ItemGroup>
    <ClInclude Include="include\common\Logger.h">
      <Filter>Tools</Filter>
    </ClInclude>
    <ClInclude Include="include\common\BaseFramework.h">
      <Filter>Tools</Filter>
    </ClInclude>
    <ClInclude Include="include\common\Config.h">
      <Filter>Tools\Config</Filter>
    </ClInclude>
    <ClInclude Include="include\common\WindowSettings.h">
      <Filter>Tools\Config</Filter>
    </ClInclude>
    <ClInclude Include="include\common\EngineSettings.h">
      <Filter>Tools\Config</Filter>
    </ClInclude>
    <ClInclude Include="include\common\Exception.h">
      <Filter>Tools</Filter>
    </ClInclude>
    <ClInclude Include="include\common\Common.h">
      <Filter>Tools</Filter>
    </ClInclude>
    <ClInclude Include="include\common\ApplicationCommonBase.h">
      <Filter>Application</Filter>
    </ClInclude>
    <ClInclude Include="include\common\Window.h">
      <Filter>Window</Filter>
    </ClInclude>
    <ClInclude Include="include\common\DLL.h">
      <Filter>DLL</Filter>
    </ClInclude>
    <ClInclude Include="include\common\Callback.h">
      <Filter>Tools</Filter>
    </ClInclude>
    <ClInclude Include="include\common\InputSystem.h">
      <Filter>Window</Filter>
    </ClInclude>
    <ClInclude Include="include\common\Format.h">
      <Filter>Tools</Filter>
    </ClInclude>
    <ClInclude Include="include\common\Shader.h">
      <Filter>Graphics</Filter>
    </ClInclude>
    <ClInclude Include="include\common\FrameworkLoader.h">
      <Filter>Tools</Filter>
    </ClInclude>
    <ClInclude Include="include\common\ShaderPipeline.h">
      <Filter>Graphics</Filter>
    </ClInclude>
    <ClInclude Include="include\common\Cast.h">
      <Filter>Tools</Filter>
    </ClInclude>
    <ClInclude Include="include\common\Model.h">
      <Filter>Graphics</Filter>
    </ClInclude>
    <ClInclude Include="include\common\Object.h" />
    <ClInclude Include="include\common\Vector.h">
      <Filter>Graphics</Filter>
    </ClInclude>
    <ClInclude Include="include\common\Drawable3D.h">
      <Filter>Graphics</Filter>
    </ClInclude>
    <ClInclude Include="include\common\Face.h">
      <Filter>Graphics</Filter>
    </ClInclude>
    <ClInclude Include="include\common\Material.h">
      <Filter>Graphics</Filter>
    </ClInclude>
    <ClInclude Include="include\common\Mesh.h">
      <Filter>Graphics</Filter>
    </ClInclude>
    <ClInclude Include="include\common\Memory.h">
      <Filter>Tools</Filter>
    </ClInclude>
    <ClInclude Include="include\common\Vertex.h">
      <Filter>Math</Filter>
    </ClInclude>
    <ClInclude Include="include\common\Math_Base.h">
      <Filter>Math</Filter>
    </ClInclude>
    <ClInclude Include="include\common\Camera.h">
      <Filter>Graphics</Filter>
    </ClInclude>
  </ItemGroup>
</Project>