<?xml version="1.0" encoding="utf-8"?>
<Project ToolsVersion="4.0" xmlns="http://schemas.microsoft.com/developer/msbuild/2003">
  <ItemGroup>
    <ClCompile Include="BaseFramework.cpp">
      <Filter>Tools</Filter>
    </ClCompile>
    <ClCompile Include="Logger.cpp">
      <Filter>Tools</Filter>
    </ClCompile>
    <ClCompile Include="BaseApplication.cpp">
      <Filter>Window</Filter>
    </ClCompile>
    <ClCompile Include="Config.cpp">
      <Filter>Tools\Config</Filter>
    </ClCompile>
  </ItemGroup>
  <ItemGroup>
    <Filter Include="Tools">
      <UniqueIdentifier>{d3514bfa-f985-40f5-bc02-7ed408b7da69}</UniqueIdentifier>
    </Filter>
    <Filter Include="Window">
      <UniqueIdentifier>{16332fda-39f0-47e9-a6fd-05c92c650b3f}</UniqueIdentifier>
    </Filter>
    <Filter Include="Tools\Config">
      <UniqueIdentifier>{f45d554b-2f4d-4cf3-bb6d-7b906fbd3653}</UniqueIdentifier>
    </Filter>
  </ItemGroup>
  <ItemGroup>
    <ClInclude Include="include\common\Logger.h">
      <Filter>Tools</Filter>
    </ClInclude>
    <ClInclude Include="include\common\BaseFramework.h">
      <Filter>Tools</Filter>
    </ClInclude>
    <ClInclude Include="BaseApplication.h">
      <Filter>Window</Filter>
    </ClInclude>
    <ClInclude Include="include\common\Config.h">
      <Filter>Tools\Config</Filter>
    </ClInclude>
    <ClInclude Include="include\common\WindowSettings.h">
      <Filter>Tools\Config</Filter>
    </ClInclude>
    <ClInclude Include="include\common\EngineSettings.h">
      <Filter>Tools\Config</Filter>
    </ClInclude>
  </ItemGroup>
</Project>