<?xml version="1.0" encoding="utf-8"?>
<Project ToolsVersion="4.0" xmlns="http://schemas.microsoft.com/developer/msbuild/2003">
  <ItemGroup>
    <ClCompile Include="Framework.cpp" />
    <ClCompile Include="dllmain.cpp" />
    <ClCompile Include="Application.cpp">
      <Filter>Window</Filter>
    </ClCompile>
    <ClCompile Include="ApplicationTools.cpp">
      <Filter>Window\Tools</Filter>
    </ClCompile>
    <ClCompile Include="ApplicationBase.cpp">
      <Filter>Window\Tools</Filter>
    </ClCompile>
  </ItemGroup>
  <ItemGroup>
    <ClInclude Include="Framework.h" />
    <ClInclude Include="Application.h">
      <Filter>Window</Filter>
    </ClInclude>
    <ClInclude Include="ApplicationTools.h">
      <Filter>Window\Tools</Filter>
    </ClInclude>
    <ClInclude Include="ApplicationBase.h">
      <Filter>Window\Tools</Filter>
    </ClInclude>
  </ItemGroup>
  <ItemGroup>
    <None Include="Config_Vulkan_DLL.yaml" />
  </ItemGroup>
  <ItemGroup>
    <Filter Include="Window">
      <UniqueIdentifier>{d219a98d-b492-4739-acc1-b3bed21715df}</UniqueIdentifier>
    </Filter>
    <Filter Include="Window\Tools">
      <UniqueIdentifier>{dd2f848b-83af-4c88-a04b-f6e72161f084}</UniqueIdentifier>
    </Filter>
  </ItemGroup>
</Project>