<?xml version="1.0" encoding="utf-8"?>
<Project ToolsVersion="4.0" xmlns="http://schemas.microsoft.com/developer/msbuild/2003">
  <ItemGroup>
    <None Include="Config_OpenGL_DLL.yaml" />
  </ItemGroup>
  <ItemGroup>
    <ClCompile Include="dllmain.cpp" />
    <ClCompile Include="ApplicationTools.cpp">
      <Filter>Window\Tools</Filter>
    </ClCompile>
    <ClCompile Include="Application.cpp">
      <Filter>Window</Filter>
    </ClCompile>
    <ClCompile Include="Framework.cpp" />
    <ClCompile Include="ApplicationBase.cpp">
      <Filter>Window\Tools</Filter>
    </ClCompile>
    <ClCompile Include="Shader.cpp">
      <Filter>Graphics</Filter>
    </ClCompile>
    <ClCompile Include="ShaderPipeline.cpp">
      <Filter>Graphics</Filter>
    </ClCompile>
    <ClCompile Include="Mesh.cpp">
      <Filter>Graphics</Filter>
    </ClCompile>
    <ClCompile Include="BufferManager.cpp">
      <Filter>Graphics</Filter>
    </ClCompile>
  </ItemGroup>
  <ItemGroup>
    <ClInclude Include="ApplicationTools.h">
      <Filter>Window\Tools</Filter>
    </ClInclude>
    <ClInclude Include="Application.h">
      <Filter>Window</Filter>
    </ClInclude>
    <ClInclude Include="Framework.h" />
    <ClInclude Include="ApplicationBase.h">
      <Filter>Window\Tools</Filter>
    </ClInclude>
    <ClInclude Include="Shader.h">
      <Filter>Graphics</Filter>
    </ClInclude>
    <ClInclude Include="ShaderPipeline.h">
      <Filter>Graphics</Filter>
    </ClInclude>
    <ClInclude Include="Mesh.h">
      <Filter>Graphics</Filter>
    </ClInclude>
    <ClInclude Include="BufferManager.h">
      <Filter>Graphics</Filter>
    </ClInclude>
  </ItemGroup>
  <ItemGroup>
    <Filter Include="Window">
      <UniqueIdentifier>{2a2ce384-9b0b-4c67-820e-079e3bbfd9ed}</UniqueIdentifier>
    </Filter>
    <Filter Include="Window\Tools">
      <UniqueIdentifier>{29546b51-85c5-44af-ac67-9fcf7c311aed}</UniqueIdentifier>
    </Filter>
    <Filter Include="Graphics">
      <UniqueIdentifier>{6014eaec-1c43-44c4-b9bd-3961a2d5dbc1}</UniqueIdentifier>
    </Filter>
  </ItemGroup>
</Project>